
Microsoft Visual Studio Solution File, Format Version 12.00
# Visual Studio Version 17
VisualStudioVersion = 17.8.34330.188
MinimumVisualStudioVersion = 15.0.26124.0
Project("{9A19103F-16F7-4668-BE54-9A1E7A4F7556}") = "TechFood.Api", "src\TechFood.Api\TechFood.Api.csproj", "{8B1BD942-35AA-49B2-B5F2-5D5EF56EDD66}"
EndProject
Project("{9A19103F-16F7-4668-BE54-9A1E7A4F7556}") = "TechFood.Domain", "src\TechFood.Domain\TechFood.Domain.csproj", "{7A68BD09-3BED-4C0E-9188-EAC2FEBC0AEE}"
EndProject
Project("{9A19103F-16F7-4668-BE54-9A1E7A4F7556}") = "TechFood.Domain.Shared", "src\TechFood.Domain.Shared\TechFood.Domain.Shared.csproj", "{A86E6AB5-9AD9-467C-97E1-8A94F86BEB13}"
EndProject
Project("{9A19103F-16F7-4668-BE54-9A1E7A4F7556}") = "TechFood.Infra.Data", "src\TechFood.Infra.Data\TechFood.Infra.Data.csproj", "{C48990EA-241C-42D4-9592-23CA0362570B}"
EndProject
Project("{9A19103F-16F7-4668-BE54-9A1E7A4F7556}") = "TechFood.Application", "src\TechFood.Application\TechFood.Application.csproj", "{7C0FDF26-D329-41E9-B142-746F3A5AA6ED}"
EndProject
Project("{2150E333-8FDC-42A3-9474-1A3956D46DE8}") = "src", "src", "{2999BE8A-2C03-4997-957A-66142629BCD5}"
EndProject
Project("{2150E333-8FDC-42A3-9474-1A3956D46DE8}") = "tests", "tests", "{44ED8342-082C-465B-A52B-92E35CFFF5FF}"
EndProject
Project("{2150E333-8FDC-42A3-9474-1A3956D46DE8}") = "adapters", "adapters", "{8A2B8C3A-CBDC-40E8-A341-74DE8896F102}"
EndProject
Project("{2150E333-8FDC-42A3-9474-1A3956D46DE8}") = "core", "core", "{3254BC3E-D568-4FAB-B576-FE5CC3CF7349}"
EndProject
Project("{2150E333-8FDC-42A3-9474-1A3956D46DE8}") = "Driven", "Driven", "{1F236469-BD13-4761-B615-E95AE3D47FC6}"
EndProject
Project("{2150E333-8FDC-42A3-9474-1A3956D46DE8}") = "Driver", "Driver", "{EE17462C-4FCB-4DCF-944B-A747C3910DC5}"
EndProject
Project("{2150E333-8FDC-42A3-9474-1A3956D46DE8}") = "_Solution Items", "_Solution Items", "{70942B41-08AF-4D88-A95A-31811AD32599}"
	ProjectSection(SolutionItems) = preProject
		.editorconfig = .editorconfig
	EndProjectSection
EndProject
Project("{E53339B2-1760-4266-BCC7-CA923CBCF16C}") = "docker-compose", "docker-compose.dcproj", "{6E8081B6-9D78-4ADB-8B83-9ED38BE45C47}"
EndProject
Project("{9A19103F-16F7-4668-BE54-9A1E7A4F7556}") = "TechFood.Infra.Payments.MercadoPago", "src\TechFood.Infra.Payments.MercadoPago\TechFood.Infra.Payments.MercadoPago.csproj", "{B854FAD4-06AA-45E8-97F0-1B7098A359AE}"
EndProject
Project("{9A19103F-16F7-4668-BE54-9A1E7A4F7556}") = "TechFood.Doman.Tests", "tests\TechFood.Doman.Tests\TechFood.Doman.Tests.csproj", "{FBF40740-BDA6-4E28-AE7C-D791D0F43A50}"
EndProject
Project("{9A19103F-16F7-4668-BE54-9A1E7A4F7556}") = "TechFood.Infra.ImageStore.LocalDisk", "src\TechFood.Infra.ImageStore.LocalDisk\TechFood.Infra.ImageStore.LocalDisk.csproj", "{9671BFDC-08B1-4555-B77A-89FD8C171F04}"
EndProject
Project("{FAE04EC0-301F-11D3-BF4B-00C04F79EFBC}") = "TechFoodClean.Application", "src\TechFoodClean.Application\TechFoodClean.Application.csproj", "{9F8D5620-02A6-40CB-A914-C13CA6139594}"
EndProject
Project("{FAE04EC0-301F-11D3-BF4B-00C04F79EFBC}") = "TechFoodClean.Domain", "src\TechFoodClean.Domain\TechFoodClean.Domain.csproj", "{ADD6CD8A-B824-431B-BBB4-8FC30E2F3CD8}"
EndProject
Project("{FAE04EC0-301F-11D3-BF4B-00C04F79EFBC}") = "TechFoodClean.Infrastructure.Data", "src\TechFoodClean.Infrastructure\TechFoodClean.Infrastructure.Data.csproj", "{C1790D73-2A5E-4902-8C95-29357C327C31}"
EndProject
Project("{FAE04EC0-301F-11D3-BF4B-00C04F79EFBC}") = "TechFoodClean.Common", "src\TechFoodClean.Common\TechFoodClean.Common.csproj", "{4FADD217-B0F9-4FEA-A14D-74E507FABF3E}"
EndProject
Project("{FAE04EC0-301F-11D3-BF4B-00C04F79EFBC}") = "TechFoodClean.Api", "src\TechFoodClean.Api\TechFoodClean.Api.csproj", "{1D49F5C6-C112-46DD-9EA4-796FB495AB8B}"
EndProject
Project("{FAE04EC0-301F-11D3-BF4B-00C04F79EFBC}") = "TechFoodClean.Infrastructure.ImageStore.LocalDisk", "src\TechFoodClean.Infrastructure.ImageStore.LocalDisk\TechFoodClean.Infrastructure.ImageStore.LocalDisk.csproj", "{B3E9C039-4385-4FC4-A7AD-9E0CCF1E2376}"
EndProject
Global
	GlobalSection(SolutionConfigurationPlatforms) = preSolution
		Debug|Any CPU = Debug|Any CPU
		Debug|x64 = Debug|x64
		Debug|x86 = Debug|x86
		Release|Any CPU = Release|Any CPU
		Release|x64 = Release|x64
		Release|x86 = Release|x86
	EndGlobalSection
	GlobalSection(ProjectConfigurationPlatforms) = postSolution
		{8B1BD942-35AA-49B2-B5F2-5D5EF56EDD66}.Debug|Any CPU.ActiveCfg = Debug|Any CPU
		{8B1BD942-35AA-49B2-B5F2-5D5EF56EDD66}.Debug|Any CPU.Build.0 = Debug|Any CPU
		{8B1BD942-35AA-49B2-B5F2-5D5EF56EDD66}.Debug|x64.ActiveCfg = Debug|Any CPU
		{8B1BD942-35AA-49B2-B5F2-5D5EF56EDD66}.Debug|x64.Build.0 = Debug|Any CPU
		{8B1BD942-35AA-49B2-B5F2-5D5EF56EDD66}.Debug|x86.ActiveCfg = Debug|Any CPU
		{8B1BD942-35AA-49B2-B5F2-5D5EF56EDD66}.Debug|x86.Build.0 = Debug|Any CPU
		{8B1BD942-35AA-49B2-B5F2-5D5EF56EDD66}.Release|Any CPU.ActiveCfg = Release|Any CPU
		{8B1BD942-35AA-49B2-B5F2-5D5EF56EDD66}.Release|Any CPU.Build.0 = Release|Any CPU
		{8B1BD942-35AA-49B2-B5F2-5D5EF56EDD66}.Release|x64.ActiveCfg = Release|Any CPU
		{8B1BD942-35AA-49B2-B5F2-5D5EF56EDD66}.Release|x64.Build.0 = Release|Any CPU
		{8B1BD942-35AA-49B2-B5F2-5D5EF56EDD66}.Release|x86.ActiveCfg = Release|Any CPU
		{8B1BD942-35AA-49B2-B5F2-5D5EF56EDD66}.Release|x86.Build.0 = Release|Any CPU
		{7A68BD09-3BED-4C0E-9188-EAC2FEBC0AEE}.Debug|Any CPU.ActiveCfg = Debug|Any CPU
		{7A68BD09-3BED-4C0E-9188-EAC2FEBC0AEE}.Debug|Any CPU.Build.0 = Debug|Any CPU
		{7A68BD09-3BED-4C0E-9188-EAC2FEBC0AEE}.Debug|x64.ActiveCfg = Debug|Any CPU
		{7A68BD09-3BED-4C0E-9188-EAC2FEBC0AEE}.Debug|x64.Build.0 = Debug|Any CPU
		{7A68BD09-3BED-4C0E-9188-EAC2FEBC0AEE}.Debug|x86.ActiveCfg = Debug|Any CPU
		{7A68BD09-3BED-4C0E-9188-EAC2FEBC0AEE}.Debug|x86.Build.0 = Debug|Any CPU
		{7A68BD09-3BED-4C0E-9188-EAC2FEBC0AEE}.Release|Any CPU.ActiveCfg = Release|Any CPU
		{7A68BD09-3BED-4C0E-9188-EAC2FEBC0AEE}.Release|Any CPU.Build.0 = Release|Any CPU
		{7A68BD09-3BED-4C0E-9188-EAC2FEBC0AEE}.Release|x64.ActiveCfg = Release|Any CPU
		{7A68BD09-3BED-4C0E-9188-EAC2FEBC0AEE}.Release|x64.Build.0 = Release|Any CPU
		{7A68BD09-3BED-4C0E-9188-EAC2FEBC0AEE}.Release|x86.ActiveCfg = Release|Any CPU
		{7A68BD09-3BED-4C0E-9188-EAC2FEBC0AEE}.Release|x86.Build.0 = Release|Any CPU
		{A86E6AB5-9AD9-467C-97E1-8A94F86BEB13}.Debug|Any CPU.ActiveCfg = Debug|Any CPU
		{A86E6AB5-9AD9-467C-97E1-8A94F86BEB13}.Debug|Any CPU.Build.0 = Debug|Any CPU
		{A86E6AB5-9AD9-467C-97E1-8A94F86BEB13}.Debug|x64.ActiveCfg = Debug|Any CPU
		{A86E6AB5-9AD9-467C-97E1-8A94F86BEB13}.Debug|x64.Build.0 = Debug|Any CPU
		{A86E6AB5-9AD9-467C-97E1-8A94F86BEB13}.Debug|x86.ActiveCfg = Debug|Any CPU
		{A86E6AB5-9AD9-467C-97E1-8A94F86BEB13}.Debug|x86.Build.0 = Debug|Any CPU
		{A86E6AB5-9AD9-467C-97E1-8A94F86BEB13}.Release|Any CPU.ActiveCfg = Release|Any CPU
		{A86E6AB5-9AD9-467C-97E1-8A94F86BEB13}.Release|Any CPU.Build.0 = Release|Any CPU
		{A86E6AB5-9AD9-467C-97E1-8A94F86BEB13}.Release|x64.ActiveCfg = Release|Any CPU
		{A86E6AB5-9AD9-467C-97E1-8A94F86BEB13}.Release|x64.Build.0 = Release|Any CPU
		{A86E6AB5-9AD9-467C-97E1-8A94F86BEB13}.Release|x86.ActiveCfg = Release|Any CPU
		{A86E6AB5-9AD9-467C-97E1-8A94F86BEB13}.Release|x86.Build.0 = Release|Any CPU
		{C48990EA-241C-42D4-9592-23CA0362570B}.Debug|Any CPU.ActiveCfg = Debug|Any CPU
		{C48990EA-241C-42D4-9592-23CA0362570B}.Debug|Any CPU.Build.0 = Debug|Any CPU
		{C48990EA-241C-42D4-9592-23CA0362570B}.Debug|x64.ActiveCfg = Debug|Any CPU
		{C48990EA-241C-42D4-9592-23CA0362570B}.Debug|x64.Build.0 = Debug|Any CPU
		{C48990EA-241C-42D4-9592-23CA0362570B}.Debug|x86.ActiveCfg = Debug|Any CPU
		{C48990EA-241C-42D4-9592-23CA0362570B}.Debug|x86.Build.0 = Debug|Any CPU
		{C48990EA-241C-42D4-9592-23CA0362570B}.Release|Any CPU.ActiveCfg = Release|Any CPU
		{C48990EA-241C-42D4-9592-23CA0362570B}.Release|Any CPU.Build.0 = Release|Any CPU
		{C48990EA-241C-42D4-9592-23CA0362570B}.Release|x64.ActiveCfg = Release|Any CPU
		{C48990EA-241C-42D4-9592-23CA0362570B}.Release|x64.Build.0 = Release|Any CPU
		{C48990EA-241C-42D4-9592-23CA0362570B}.Release|x86.ActiveCfg = Release|Any CPU
		{C48990EA-241C-42D4-9592-23CA0362570B}.Release|x86.Build.0 = Release|Any CPU
		{7C0FDF26-D329-41E9-B142-746F3A5AA6ED}.Debug|Any CPU.ActiveCfg = Debug|Any CPU
		{7C0FDF26-D329-41E9-B142-746F3A5AA6ED}.Debug|Any CPU.Build.0 = Debug|Any CPU
		{7C0FDF26-D329-41E9-B142-746F3A5AA6ED}.Debug|x64.ActiveCfg = Debug|Any CPU
		{7C0FDF26-D329-41E9-B142-746F3A5AA6ED}.Debug|x64.Build.0 = Debug|Any CPU
		{7C0FDF26-D329-41E9-B142-746F3A5AA6ED}.Debug|x86.ActiveCfg = Debug|Any CPU
		{7C0FDF26-D329-41E9-B142-746F3A5AA6ED}.Debug|x86.Build.0 = Debug|Any CPU
		{7C0FDF26-D329-41E9-B142-746F3A5AA6ED}.Release|Any CPU.ActiveCfg = Release|Any CPU
		{7C0FDF26-D329-41E9-B142-746F3A5AA6ED}.Release|Any CPU.Build.0 = Release|Any CPU
		{7C0FDF26-D329-41E9-B142-746F3A5AA6ED}.Release|x64.ActiveCfg = Release|Any CPU
		{7C0FDF26-D329-41E9-B142-746F3A5AA6ED}.Release|x64.Build.0 = Release|Any CPU
		{7C0FDF26-D329-41E9-B142-746F3A5AA6ED}.Release|x86.ActiveCfg = Release|Any CPU
		{7C0FDF26-D329-41E9-B142-746F3A5AA6ED}.Release|x86.Build.0 = Release|Any CPU
		{6E8081B6-9D78-4ADB-8B83-9ED38BE45C47}.Debug|Any CPU.ActiveCfg = Debug|Any CPU
		{6E8081B6-9D78-4ADB-8B83-9ED38BE45C47}.Debug|Any CPU.Build.0 = Debug|Any CPU
		{6E8081B6-9D78-4ADB-8B83-9ED38BE45C47}.Debug|x64.ActiveCfg = Debug|Any CPU
		{6E8081B6-9D78-4ADB-8B83-9ED38BE45C47}.Debug|x64.Build.0 = Debug|Any CPU
		{6E8081B6-9D78-4ADB-8B83-9ED38BE45C47}.Debug|x86.ActiveCfg = Debug|Any CPU
		{6E8081B6-9D78-4ADB-8B83-9ED38BE45C47}.Debug|x86.Build.0 = Debug|Any CPU
		{6E8081B6-9D78-4ADB-8B83-9ED38BE45C47}.Release|Any CPU.ActiveCfg = Release|Any CPU
		{6E8081B6-9D78-4ADB-8B83-9ED38BE45C47}.Release|Any CPU.Build.0 = Release|Any CPU
		{6E8081B6-9D78-4ADB-8B83-9ED38BE45C47}.Release|x64.ActiveCfg = Release|Any CPU
		{6E8081B6-9D78-4ADB-8B83-9ED38BE45C47}.Release|x64.Build.0 = Release|Any CPU
		{6E8081B6-9D78-4ADB-8B83-9ED38BE45C47}.Release|x86.ActiveCfg = Release|Any CPU
		{6E8081B6-9D78-4ADB-8B83-9ED38BE45C47}.Release|x86.Build.0 = Release|Any CPU
		{B854FAD4-06AA-45E8-97F0-1B7098A359AE}.Debug|Any CPU.ActiveCfg = Debug|Any CPU
		{B854FAD4-06AA-45E8-97F0-1B7098A359AE}.Debug|Any CPU.Build.0 = Debug|Any CPU
		{B854FAD4-06AA-45E8-97F0-1B7098A359AE}.Debug|x64.ActiveCfg = Debug|Any CPU
		{B854FAD4-06AA-45E8-97F0-1B7098A359AE}.Debug|x64.Build.0 = Debug|Any CPU
		{B854FAD4-06AA-45E8-97F0-1B7098A359AE}.Debug|x86.ActiveCfg = Debug|Any CPU
		{B854FAD4-06AA-45E8-97F0-1B7098A359AE}.Debug|x86.Build.0 = Debug|Any CPU
		{B854FAD4-06AA-45E8-97F0-1B7098A359AE}.Release|Any CPU.ActiveCfg = Release|Any CPU
		{B854FAD4-06AA-45E8-97F0-1B7098A359AE}.Release|Any CPU.Build.0 = Release|Any CPU
		{B854FAD4-06AA-45E8-97F0-1B7098A359AE}.Release|x64.ActiveCfg = Release|Any CPU
		{B854FAD4-06AA-45E8-97F0-1B7098A359AE}.Release|x64.Build.0 = Release|Any CPU
		{B854FAD4-06AA-45E8-97F0-1B7098A359AE}.Release|x86.ActiveCfg = Release|Any CPU
		{B854FAD4-06AA-45E8-97F0-1B7098A359AE}.Release|x86.Build.0 = Release|Any CPU
		{FBF40740-BDA6-4E28-AE7C-D791D0F43A50}.Debug|Any CPU.ActiveCfg = Debug|Any CPU
		{FBF40740-BDA6-4E28-AE7C-D791D0F43A50}.Debug|Any CPU.Build.0 = Debug|Any CPU
		{FBF40740-BDA6-4E28-AE7C-D791D0F43A50}.Debug|x64.ActiveCfg = Debug|Any CPU
		{FBF40740-BDA6-4E28-AE7C-D791D0F43A50}.Debug|x64.Build.0 = Debug|Any CPU
		{FBF40740-BDA6-4E28-AE7C-D791D0F43A50}.Debug|x86.ActiveCfg = Debug|Any CPU
		{FBF40740-BDA6-4E28-AE7C-D791D0F43A50}.Debug|x86.Build.0 = Debug|Any CPU
		{FBF40740-BDA6-4E28-AE7C-D791D0F43A50}.Release|Any CPU.ActiveCfg = Release|Any CPU
		{FBF40740-BDA6-4E28-AE7C-D791D0F43A50}.Release|Any CPU.Build.0 = Release|Any CPU
		{FBF40740-BDA6-4E28-AE7C-D791D0F43A50}.Release|x64.ActiveCfg = Release|Any CPU
		{FBF40740-BDA6-4E28-AE7C-D791D0F43A50}.Release|x64.Build.0 = Release|Any CPU
		{FBF40740-BDA6-4E28-AE7C-D791D0F43A50}.Release|x86.ActiveCfg = Release|Any CPU
		{FBF40740-BDA6-4E28-AE7C-D791D0F43A50}.Release|x86.Build.0 = Release|Any CPU
		{9671BFDC-08B1-4555-B77A-89FD8C171F04}.Debug|Any CPU.ActiveCfg = Debug|Any CPU
		{9671BFDC-08B1-4555-B77A-89FD8C171F04}.Debug|Any CPU.Build.0 = Debug|Any CPU
		{9671BFDC-08B1-4555-B77A-89FD8C171F04}.Debug|x64.ActiveCfg = Debug|Any CPU
		{9671BFDC-08B1-4555-B77A-89FD8C171F04}.Debug|x64.Build.0 = Debug|Any CPU
		{9671BFDC-08B1-4555-B77A-89FD8C171F04}.Debug|x86.ActiveCfg = Debug|Any CPU
		{9671BFDC-08B1-4555-B77A-89FD8C171F04}.Debug|x86.Build.0 = Debug|Any CPU
		{9671BFDC-08B1-4555-B77A-89FD8C171F04}.Release|Any CPU.ActiveCfg = Release|Any CPU
		{9671BFDC-08B1-4555-B77A-89FD8C171F04}.Release|Any CPU.Build.0 = Release|Any CPU
		{9671BFDC-08B1-4555-B77A-89FD8C171F04}.Release|x64.ActiveCfg = Release|Any CPU
		{9671BFDC-08B1-4555-B77A-89FD8C171F04}.Release|x64.Build.0 = Release|Any CPU
		{9671BFDC-08B1-4555-B77A-89FD8C171F04}.Release|x86.ActiveCfg = Release|Any CPU
		{9671BFDC-08B1-4555-B77A-89FD8C171F04}.Release|x86.Build.0 = Release|Any CPU
		{9F8D5620-02A6-40CB-A914-C13CA6139594}.Debug|Any CPU.ActiveCfg = Debug|Any CPU
		{9F8D5620-02A6-40CB-A914-C13CA6139594}.Debug|Any CPU.Build.0 = Debug|Any CPU
		{9F8D5620-02A6-40CB-A914-C13CA6139594}.Debug|x64.ActiveCfg = Debug|Any CPU
		{9F8D5620-02A6-40CB-A914-C13CA6139594}.Debug|x64.Build.0 = Debug|Any CPU
		{9F8D5620-02A6-40CB-A914-C13CA6139594}.Debug|x86.ActiveCfg = Debug|Any CPU
		{9F8D5620-02A6-40CB-A914-C13CA6139594}.Debug|x86.Build.0 = Debug|Any CPU
		{9F8D5620-02A6-40CB-A914-C13CA6139594}.Release|Any CPU.ActiveCfg = Release|Any CPU
		{9F8D5620-02A6-40CB-A914-C13CA6139594}.Release|Any CPU.Build.0 = Release|Any CPU
		{9F8D5620-02A6-40CB-A914-C13CA6139594}.Release|x64.ActiveCfg = Release|Any CPU
		{9F8D5620-02A6-40CB-A914-C13CA6139594}.Release|x64.Build.0 = Release|Any CPU
		{9F8D5620-02A6-40CB-A914-C13CA6139594}.Release|x86.ActiveCfg = Release|Any CPU
		{9F8D5620-02A6-40CB-A914-C13CA6139594}.Release|x86.Build.0 = Release|Any CPU
		{ADD6CD8A-B824-431B-BBB4-8FC30E2F3CD8}.Debug|Any CPU.ActiveCfg = Debug|Any CPU
		{ADD6CD8A-B824-431B-BBB4-8FC30E2F3CD8}.Debug|Any CPU.Build.0 = Debug|Any CPU
		{ADD6CD8A-B824-431B-BBB4-8FC30E2F3CD8}.Debug|x64.ActiveCfg = Debug|Any CPU
		{ADD6CD8A-B824-431B-BBB4-8FC30E2F3CD8}.Debug|x64.Build.0 = Debug|Any CPU
		{ADD6CD8A-B824-431B-BBB4-8FC30E2F3CD8}.Debug|x86.ActiveCfg = Debug|Any CPU
		{ADD6CD8A-B824-431B-BBB4-8FC30E2F3CD8}.Debug|x86.Build.0 = Debug|Any CPU
		{ADD6CD8A-B824-431B-BBB4-8FC30E2F3CD8}.Release|Any CPU.ActiveCfg = Release|Any CPU
		{ADD6CD8A-B824-431B-BBB4-8FC30E2F3CD8}.Release|Any CPU.Build.0 = Release|Any CPU
		{ADD6CD8A-B824-431B-BBB4-8FC30E2F3CD8}.Release|x64.ActiveCfg = Release|Any CPU
		{ADD6CD8A-B824-431B-BBB4-8FC30E2F3CD8}.Release|x64.Build.0 = Release|Any CPU
		{ADD6CD8A-B824-431B-BBB4-8FC30E2F3CD8}.Release|x86.ActiveCfg = Release|Any CPU
		{ADD6CD8A-B824-431B-BBB4-8FC30E2F3CD8}.Release|x86.Build.0 = Release|Any CPU
		{C1790D73-2A5E-4902-8C95-29357C327C31}.Debug|Any CPU.ActiveCfg = Debug|Any CPU
		{C1790D73-2A5E-4902-8C95-29357C327C31}.Debug|Any CPU.Build.0 = Debug|Any CPU
		{C1790D73-2A5E-4902-8C95-29357C327C31}.Debug|x64.ActiveCfg = Debug|Any CPU
		{C1790D73-2A5E-4902-8C95-29357C327C31}.Debug|x64.Build.0 = Debug|Any CPU
		{C1790D73-2A5E-4902-8C95-29357C327C31}.Debug|x86.ActiveCfg = Debug|Any CPU
		{C1790D73-2A5E-4902-8C95-29357C327C31}.Debug|x86.Build.0 = Debug|Any CPU
		{C1790D73-2A5E-4902-8C95-29357C327C31}.Release|Any CPU.ActiveCfg = Release|Any CPU
		{C1790D73-2A5E-4902-8C95-29357C327C31}.Release|Any CPU.Build.0 = Release|Any CPU
		{C1790D73-2A5E-4902-8C95-29357C327C31}.Release|x64.ActiveCfg = Release|Any CPU
		{C1790D73-2A5E-4902-8C95-29357C327C31}.Release|x64.Build.0 = Release|Any CPU
		{C1790D73-2A5E-4902-8C95-29357C327C31}.Release|x86.ActiveCfg = Release|Any CPU
		{C1790D73-2A5E-4902-8C95-29357C327C31}.Release|x86.Build.0 = Release|Any CPU
		{4FADD217-B0F9-4FEA-A14D-74E507FABF3E}.Debug|Any CPU.ActiveCfg = Debug|Any CPU
		{4FADD217-B0F9-4FEA-A14D-74E507FABF3E}.Debug|Any CPU.Build.0 = Debug|Any CPU
		{4FADD217-B0F9-4FEA-A14D-74E507FABF3E}.Debug|x64.ActiveCfg = Debug|Any CPU
		{4FADD217-B0F9-4FEA-A14D-74E507FABF3E}.Debug|x64.Build.0 = Debug|Any CPU
		{4FADD217-B0F9-4FEA-A14D-74E507FABF3E}.Debug|x86.ActiveCfg = Debug|Any CPU
		{4FADD217-B0F9-4FEA-A14D-74E507FABF3E}.Debug|x86.Build.0 = Debug|Any CPU
		{4FADD217-B0F9-4FEA-A14D-74E507FABF3E}.Release|Any CPU.ActiveCfg = Release|Any CPU
		{4FADD217-B0F9-4FEA-A14D-74E507FABF3E}.Release|Any CPU.Build.0 = Release|Any CPU
		{4FADD217-B0F9-4FEA-A14D-74E507FABF3E}.Release|x64.ActiveCfg = Release|Any CPU
		{4FADD217-B0F9-4FEA-A14D-74E507FABF3E}.Release|x64.Build.0 = Release|Any CPU
		{4FADD217-B0F9-4FEA-A14D-74E507FABF3E}.Release|x86.ActiveCfg = Release|Any CPU
		{4FADD217-B0F9-4FEA-A14D-74E507FABF3E}.Release|x86.Build.0 = Release|Any CPU
		{1D49F5C6-C112-46DD-9EA4-796FB495AB8B}.Debug|Any CPU.ActiveCfg = Debug|Any CPU
		{1D49F5C6-C112-46DD-9EA4-796FB495AB8B}.Debug|Any CPU.Build.0 = Debug|Any CPU
		{1D49F5C6-C112-46DD-9EA4-796FB495AB8B}.Debug|x64.ActiveCfg = Debug|Any CPU
		{1D49F5C6-C112-46DD-9EA4-796FB495AB8B}.Debug|x64.Build.0 = Debug|Any CPU
		{1D49F5C6-C112-46DD-9EA4-796FB495AB8B}.Debug|x86.ActiveCfg = Debug|Any CPU
		{1D49F5C6-C112-46DD-9EA4-796FB495AB8B}.Debug|x86.Build.0 = Debug|Any CPU
		{1D49F5C6-C112-46DD-9EA4-796FB495AB8B}.Release|Any CPU.ActiveCfg = Release|Any CPU
		{1D49F5C6-C112-46DD-9EA4-796FB495AB8B}.Release|Any CPU.Build.0 = Release|Any CPU
		{1D49F5C6-C112-46DD-9EA4-796FB495AB8B}.Release|x64.ActiveCfg = Release|Any CPU
		{1D49F5C6-C112-46DD-9EA4-796FB495AB8B}.Release|x64.Build.0 = Release|Any CPU
		{1D49F5C6-C112-46DD-9EA4-796FB495AB8B}.Release|x86.ActiveCfg = Release|Any CPU
		{1D49F5C6-C112-46DD-9EA4-796FB495AB8B}.Release|x86.Build.0 = Release|Any CPU
		{B3E9C039-4385-4FC4-A7AD-9E0CCF1E2376}.Debug|Any CPU.ActiveCfg = Debug|Any CPU
		{B3E9C039-4385-4FC4-A7AD-9E0CCF1E2376}.Debug|Any CPU.Build.0 = Debug|Any CPU
		{B3E9C039-4385-4FC4-A7AD-9E0CCF1E2376}.Debug|x64.ActiveCfg = Debug|Any CPU
		{B3E9C039-4385-4FC4-A7AD-9E0CCF1E2376}.Debug|x64.Build.0 = Debug|Any CPU
		{B3E9C039-4385-4FC4-A7AD-9E0CCF1E2376}.Debug|x86.ActiveCfg = Debug|Any CPU
		{B3E9C039-4385-4FC4-A7AD-9E0CCF1E2376}.Debug|x86.Build.0 = Debug|Any CPU
		{B3E9C039-4385-4FC4-A7AD-9E0CCF1E2376}.Release|Any CPU.ActiveCfg = Release|Any CPU
		{B3E9C039-4385-4FC4-A7AD-9E0CCF1E2376}.Release|Any CPU.Build.0 = Release|Any CPU
		{B3E9C039-4385-4FC4-A7AD-9E0CCF1E2376}.Release|x64.ActiveCfg = Release|Any CPU
		{B3E9C039-4385-4FC4-A7AD-9E0CCF1E2376}.Release|x64.Build.0 = Release|Any CPU
		{B3E9C039-4385-4FC4-A7AD-9E0CCF1E2376}.Release|x86.ActiveCfg = Release|Any CPU
		{B3E9C039-4385-4FC4-A7AD-9E0CCF1E2376}.Release|x86.Build.0 = Release|Any CPU
	EndGlobalSection
	GlobalSection(SolutionProperties) = preSolution
		HideSolutionNode = FALSE
	EndGlobalSection
	GlobalSection(NestedProjects) = preSolution
		{8B1BD942-35AA-49B2-B5F2-5D5EF56EDD66} = {EE17462C-4FCB-4DCF-944B-A747C3910DC5}
		{7A68BD09-3BED-4C0E-9188-EAC2FEBC0AEE} = {3254BC3E-D568-4FAB-B576-FE5CC3CF7349}
		{A86E6AB5-9AD9-467C-97E1-8A94F86BEB13} = {3254BC3E-D568-4FAB-B576-FE5CC3CF7349}
		{C48990EA-241C-42D4-9592-23CA0362570B} = {1F236469-BD13-4761-B615-E95AE3D47FC6}
		{7C0FDF26-D329-41E9-B142-746F3A5AA6ED} = {3254BC3E-D568-4FAB-B576-FE5CC3CF7349}
		{8A2B8C3A-CBDC-40E8-A341-74DE8896F102} = {2999BE8A-2C03-4997-957A-66142629BCD5}
		{3254BC3E-D568-4FAB-B576-FE5CC3CF7349} = {2999BE8A-2C03-4997-957A-66142629BCD5}
		{1F236469-BD13-4761-B615-E95AE3D47FC6} = {8A2B8C3A-CBDC-40E8-A341-74DE8896F102}
		{EE17462C-4FCB-4DCF-944B-A747C3910DC5} = {8A2B8C3A-CBDC-40E8-A341-74DE8896F102}
		{6E8081B6-9D78-4ADB-8B83-9ED38BE45C47} = {70942B41-08AF-4D88-A95A-31811AD32599}
		{B854FAD4-06AA-45E8-97F0-1B7098A359AE} = {1F236469-BD13-4761-B615-E95AE3D47FC6}
		{FBF40740-BDA6-4E28-AE7C-D791D0F43A50} = {44ED8342-082C-465B-A52B-92E35CFFF5FF}
		{9671BFDC-08B1-4555-B77A-89FD8C171F04} = {1F236469-BD13-4761-B615-E95AE3D47FC6}
		{9F8D5620-02A6-40CB-A914-C13CA6139594} = {2999BE8A-2C03-4997-957A-66142629BCD5}
		{ADD6CD8A-B824-431B-BBB4-8FC30E2F3CD8} = {2999BE8A-2C03-4997-957A-66142629BCD5}
		{C1790D73-2A5E-4902-8C95-29357C327C31} = {2999BE8A-2C03-4997-957A-66142629BCD5}
		{4FADD217-B0F9-4FEA-A14D-74E507FABF3E} = {2999BE8A-2C03-4997-957A-66142629BCD5}
		{1D49F5C6-C112-46DD-9EA4-796FB495AB8B} = {2999BE8A-2C03-4997-957A-66142629BCD5}
		{B3E9C039-4385-4FC4-A7AD-9E0CCF1E2376} = {2999BE8A-2C03-4997-957A-66142629BCD5}
	EndGlobalSection
	GlobalSection(ExtensibilityGlobals) = postSolution
		SolutionGuid = {08492C5F-0B0F-4434-9AAF-5ED0298B15BF}
	EndGlobalSection
EndGlobal
